// !$*UTF8*$!
{
	archiveVersion = 1;
	classes = {
	};
	objectVersion = 55;
	objects = {

/* Begin PBXBuildFile section */
		BB8824F427B5871D00775EAE /* MetaWeatherAPI.swift in Sources */ = {isa = PBXBuildFile; fileRef = BB8824F327B5871D00775EAE /* MetaWeatherAPI.swift */; };
		BB8824F627B587B400775EAE /* NetworkManager.swift in Sources */ = {isa = PBXBuildFile; fileRef = BB8824F527B587B400775EAE /* NetworkManager.swift */; };
		BB8824F927B58B3200775EAE /* WeatherResponse.swift in Sources */ = {isa = PBXBuildFile; fileRef = BB8824F827B58B3200775EAE /* WeatherResponse.swift */; };
		BB8824FB27B58CCE00775EAE /* WeatherView.swift in Sources */ = {isa = PBXBuildFile; fileRef = BB8824FA27B58CCE00775EAE /* WeatherView.swift */; };
		BB8824FD27B58CE100775EAE /* WeatherViewViewModel.swift in Sources */ = {isa = PBXBuildFile; fileRef = BB8824FC27B58CE100775EAE /* WeatherViewViewModel.swift */; };
		BBEB2E7B27B55C6600F26A2C /* MemberdWeatherApp.swift in Sources */ = {isa = PBXBuildFile; fileRef = BBEB2E7A27B55C6600F26A2C /* MemberdWeatherApp.swift */; };
		BBEB2E7D27B55C6600F26A2C /* ContentView.swift in Sources */ = {isa = PBXBuildFile; fileRef = BBEB2E7C27B55C6600F26A2C /* ContentView.swift */; };
		BBEB2E7F27B55C6700F26A2C /* Assets.xcassets in Resources */ = {isa = PBXBuildFile; fileRef = BBEB2E7E27B55C6700F26A2C /* Assets.xcassets */; };
		BBEB2E8227B55C6700F26A2C /* Preview Assets.xcassets in Resources */ = {isa = PBXBuildFile; fileRef = BBEB2E8127B55C6700F26A2C /* Preview Assets.xcassets */; };
/* End PBXBuildFile section */

/* Begin PBXFileReference section */
		BB8824F327B5871D00775EAE /* MetaWeatherAPI.swift */ = {isa = PBXFileReference; lastKnownFileType = sourcecode.swift; path = MetaWeatherAPI.swift; sourceTree = "<group>"; };
		BB8824F527B587B400775EAE /* NetworkManager.swift */ = {isa = PBXFileReference; lastKnownFileType = sourcecode.swift; path = NetworkManager.swift; sourceTree = "<group>"; };
		BB8824F827B58B3200775EAE /* WeatherResponse.swift */ = {isa = PBXFileReference; lastKnownFileType = sourcecode.swift; path = WeatherResponse.swift; sourceTree = "<group>"; };
		BB8824FA27B58CCE00775EAE /* WeatherView.swift */ = {isa = PBXFileReference; lastKnownFileType = sourcecode.swift; path = WeatherView.swift; sourceTree = "<group>"; };
		BB8824FC27B58CE100775EAE /* WeatherViewViewModel.swift */ = {isa = PBXFileReference; lastKnownFileType = sourcecode.swift; path = WeatherViewViewModel.swift; sourceTree = "<group>"; };
		BBEB2E7727B55C6600F26A2C /* MemberdWeather.app */ = {isa = PBXFileReference; explicitFileType = wrapper.application; includeInIndex = 0; path = MemberdWeather.app; sourceTree = BUILT_PRODUCTS_DIR; };
		BBEB2E7A27B55C6600F26A2C /* MemberdWeatherApp.swift */ = {isa = PBXFileReference; lastKnownFileType = sourcecode.swift; path = MemberdWeatherApp.swift; sourceTree = "<group>"; };
		BBEB2E7C27B55C6600F26A2C /* ContentView.swift */ = {isa = PBXFileReference; lastKnownFileType = sourcecode.swift; path = ContentView.swift; sourceTree = "<group>"; };
		BBEB2E7E27B55C6700F26A2C /* Assets.xcassets */ = {isa = PBXFileReference; lastKnownFileType = folder.assetcatalog; path = Assets.xcassets; sourceTree = "<group>"; };
		BBEB2E8127B55C6700F26A2C /* Preview Assets.xcassets */ = {isa = PBXFileReference; lastKnownFileType = folder.assetcatalog; path = "Preview Assets.xcassets"; sourceTree = "<group>"; };
/* End PBXFileReference section */

/* Begin PBXFrameworksBuildPhase section */
		BBEB2E7427B55C6600F26A2C /* Frameworks */ = {
			isa = PBXFrameworksBuildPhase;
			buildActionMask = 2147483647;
			files = (
			);
			runOnlyForDeploymentPostprocessing = 0;
		};
/* End PBXFrameworksBuildPhase section */

/* Begin PBXGroup section */
		BB8824F027B586DC00775EAE /* Network */ = {
			isa = PBXGroup;
			children = (
				BB8824F327B5871D00775EAE /* MetaWeatherAPI.swift */,
				BB8824F527B587B400775EAE /* NetworkManager.swift */,
			);
			path = Network;
			sourceTree = "<group>";
		};
		BB8824F127B586E600775EAE /* Views */ = {
			isa = PBXGroup;
			children = (
				BB8824FA27B58CCE00775EAE /* WeatherView.swift */,
			);
			path = Views;
			sourceTree = "<group>";
		};
		BB8824F227B586ED00775EAE /* ViewModels */ = {
			isa = PBXGroup;
			children = (
				BB8824FC27B58CE100775EAE /* WeatherViewViewModel.swift */,
			);
			path = ViewModels;
			sourceTree = "<group>";
		};
		BB8824F727B58B0600775EAE /* Models */ = {
			isa = PBXGroup;
			children = (
				BB8824F827B58B3200775EAE /* WeatherResponse.swift */,
			);
			path = Models;
			sourceTree = "<group>";
		};
		BBEB2E6E27B55C6600F26A2C = {
			isa = PBXGroup;
			children = (
				BBEB2E7927B55C6600F26A2C /* MemberdWeather */,
				BBEB2E7827B55C6600F26A2C /* Products */,
			);
			sourceTree = "<group>";
		};
		BBEB2E7827B55C6600F26A2C /* Products */ = {
			isa = PBXGroup;
			children = (
				BBEB2E7727B55C6600F26A2C /* MemberdWeather.app */,
			);
			name = Products;
			sourceTree = "<group>";
		};
		BBEB2E7927B55C6600F26A2C /* MemberdWeather */ = {
			isa = PBXGroup;
			children = (
				BBEB2E7A27B55C6600F26A2C /* MemberdWeatherApp.swift */,
				BBEB2E7C27B55C6600F26A2C /* ContentView.swift */,
				BB8824F727B58B0600775EAE /* Models */,
				BB8824F127B586E600775EAE /* Views */,
				BB8824F227B586ED00775EAE /* ViewModels */,
				BB8824F027B586DC00775EAE /* Network */,
				BBEB2E7E27B55C6700F26A2C /* Assets.xcassets */,
				BBEB2E8027B55C6700F26A2C /* Preview Content */,
			);
			path = MemberdWeather;
			sourceTree = "<group>";
		};
		BBEB2E8027B55C6700F26A2C /* Preview Content */ = {
			isa = PBXGroup;
			children = (
				BBEB2E8127B55C6700F26A2C /* Preview Assets.xcassets */,
			);
			path = "Preview Content";
			sourceTree = "<group>";
		};
/* End PBXGroup section */

/* Begin PBXNativeTarget section */
		BBEB2E7627B55C6600F26A2C /* MemberdWeather */ = {
			isa = PBXNativeTarget;
			buildConfigurationList = BBEB2E8527B55C6700F26A2C /* Build configuration list for PBXNativeTarget "MemberdWeather" */;
			buildPhases = (
				BBEB2E7327B55C6600F26A2C /* Sources */,
				BBEB2E7427B55C6600F26A2C /* Frameworks */,
				BBEB2E7527B55C6600F26A2C /* Resources */,
			);
			buildRules = (
			);
			dependencies = (
			);
			name = MemberdWeather;
			productName = MemberdWeather;
			productReference = BBEB2E7727B55C6600F26A2C /* MemberdWeather.app */;
			productType = "com.apple.product-type.application";
		};
/* End PBXNativeTarget section */

/* Begin PBXProject section */
		BBEB2E6F27B55C6600F26A2C /* Project object */ = {
			isa = PBXProject;
			attributes = {
				BuildIndependentTargetsInParallel = 1;
				LastSwiftUpdateCheck = 1320;
				LastUpgradeCheck = 1320;
				TargetAttributes = {
					BBEB2E7627B55C6600F26A2C = {
						CreatedOnToolsVersion = 13.2.1;
					};
				};
			};
			buildConfigurationList = BBEB2E7227B55C6600F26A2C /* Build configuration list for PBXProject "MemberdWeather" */;
			compatibilityVersion = "Xcode 13.0";
			developmentRegion = en;
			hasScannedForEncodings = 0;
			knownRegions = (
				en,
				Base,
			);
			mainGroup = BBEB2E6E27B55C6600F26A2C;
			productRefGroup = BBEB2E7827B55C6600F26A2C /* Products */;
			projectDirPath = "";
			projectRoot = "";
			targets = (
				BBEB2E7627B55C6600F26A2C /* MemberdWeather */,
			);
		};
/* End PBXProject section */

/* Begin PBXResourcesBuildPhase section */
		BBEB2E7527B55C6600F26A2C /* Resources */ = {
			isa = PBXResourcesBuildPhase;
			buildActionMask = 2147483647;
			files = (
				BBEB2E8227B55C6700F26A2C /* Preview Assets.xcassets in Resources */,
				BBEB2E7F27B55C6700F26A2C /* Assets.xcassets in Resources */,
			);
			runOnlyForDeploymentPostprocessing = 0;
		};
/* End PBXResourcesBuildPhase section */

/* Begin PBXSourcesBuildPhase section */
		BBEB2E7327B55C6600F26A2C /* Sources */ = {
			isa = PBXSourcesBuildPhase;
			buildActionMask = 2147483647;
			files = (
				BB8824FD27B58CE100775EAE /* WeatherViewViewModel.swift in Sources */,
				BB8824F627B587B400775EAE /* NetworkManager.swift in Sources */,
				BB8824F927B58B3200775EAE /* WeatherResponse.swift in Sources */,
				BBEB2E7D27B55C6600F26A2C /* ContentView.swift in Sources */,
				BB8824FB27B58CCE00775EAE /* WeatherView.swift in Sources */,
				BB8824F427B5871D00775EAE /* MetaWeatherAPI.swift in Sources */,
				BBEB2E7B27B55C6600F26A2C /* MemberdWeatherApp.swift in Sources */,
			);
			runOnlyForDeploymentPostprocessing = 0;
		};
/* End PBXSourcesBuildPhase section */

/* Begin XCBuildConfiguration section */
		BBEB2E8327B55C6700F26A2C /* Debug */ = {
			isa = XCBuildConfiguration;
			buildSettings = {
				ALWAYS_SEARCH_USER_PATHS = NO;
				CLANG_ANALYZER_NONNULL = YES;
				CLANG_ANALYZER_NUMBER_OBJECT_CONVERSION = YES_AGGRESSIVE;
				CLANG_CXX_LANGUAGE_STANDARD = "gnu++17";
				CLANG_CXX_LIBRARY = "libc++";
				CLANG_ENABLE_MODULES = YES;
				CLANG_ENABLE_OBJC_ARC = YES;
				CLANG_ENABLE_OBJC_WEAK = YES;
				CLANG_WARN_BLOCK_CAPTURE_AUTORELEASING = YES;
				CLANG_WARN_BOOL_CONVERSION = YES;
				CLANG_WARN_COMMA = YES;
				CLANG_WARN_CONSTANT_CONVERSION = YES;
				CLANG_WARN_DEPRECATED_OBJC_IMPLEMENTATIONS = YES;
				CLANG_WARN_DIRECT_OBJC_ISA_USAGE = YES_ERROR;
				CLANG_WARN_DOCUMENTATION_COMMENTS = YES;
				CLANG_WARN_EMPTY_BODY = YES;
				CLANG_WARN_ENUM_CONVERSION = YES;
				CLANG_WARN_INFINITE_RECURSION = YES;
				CLANG_WARN_INT_CONVERSION = YES;
				CLANG_WARN_NON_LITERAL_NULL_CONVERSION = YES;
				CLANG_WARN_OBJC_IMPLICIT_RETAIN_SELF = YES;
				CLANG_WARN_OBJC_LITERAL_CONVERSION = YES;
				CLANG_WARN_OBJC_ROOT_CLASS = YES_ERROR;
				CLANG_WARN_QUOTED_INCLUDE_IN_FRAMEWORK_HEADER = YES;
				CLANG_WARN_RANGE_LOOP_ANALYSIS = YES;
				CLANG_WARN_STRICT_PROTOTYPES = YES;
				CLANG_WARN_SUSPICIOUS_MOVE = YES;
				CLANG_WARN_UNGUARDED_AVAILABILITY = YES_AGGRESSIVE;
				CLANG_WARN_UNREACHABLE_CODE = YES;
				CLANG_WARN__DUPLICATE_METHOD_MATCH = YES;
				COPY_PHASE_STRIP = NO;
				DEBUG_INFORMATION_FORMAT = dwarf;
				ENABLE_STRICT_OBJC_MSGSEND = YES;
				ENABLE_TESTABILITY = YES;
				GCC_C_LANGUAGE_STANDARD = gnu11;
				GCC_DYNAMIC_NO_PIC = NO;
				GCC_NO_COMMON_BLOCKS = YES;
				GCC_OPTIMIZATION_LEVEL = 0;
				GCC_PREPROCESSOR_DEFINITIONS = (
					"DEBUG=1",
					"$(inherited)",
				);
				GCC_WARN_64_TO_32_BIT_CONVERSION = YES;
				GCC_WARN_ABOUT_RETURN_TYPE = YES_ERROR;
				GCC_WARN_UNDECLARED_SELECTOR = YES;
				GCC_WARN_UNINITIALIZED_AUTOS = YES_AGGRESSIVE;
				GCC_WARN_UNUSED_FUNCTION = YES;
				GCC_WARN_UNUSED_VARIABLE = YES;
				IPHONEOS_DEPLOYMENT_TARGET = 15.2;
				MTL_ENABLE_DEBUG_INFO = INCLUDE_SOURCE;
				MTL_FAST_MATH = YES;
				ONLY_ACTIVE_ARCH = YES;
				SDKROOT = iphoneos;
				SWIFT_ACTIVE_COMPILATION_CONDITIONS = DEBUG;
				SWIFT_OPTIMIZATION_LEVEL = "-Onone";
			};
			name = Debug;
		};
		BBEB2E8427B55C6700F26A2C /* Release */ = {
			isa = XCBuildConfiguration;
			buildSettings = {
				ALWAYS_SEARCH_USER_PATHS = NO;
				CLANG_ANALYZER_NONNULL = YES;
				CLANG_ANALYZER_NUMBER_OBJECT_CONVERSION = YES_AGGRESSIVE;
				CLANG_CXX_LANGUAGE_STANDARD = "gnu++17";
				CLANG_CXX_LIBRARY = "libc++";
				CLANG_ENABLE_MODULES = YES;
				CLANG_ENABLE_OBJC_ARC = YES;
				CLANG_ENABLE_OBJC_WEAK = YES;
				CLANG_WARN_BLOCK_CAPTURE_AUTORELEASING = YES;
				CLANG_WARN_BOOL_CONVERSION = YES;
				CLANG_WARN_COMMA = YES;
				CLANG_WARN_CONSTANT_CONVERSION = YES;
				CLANG_WARN_DEPRECATED_OBJC_IMPLEMENTATIONS = YES;
				CLANG_WARN_DIRECT_OBJC_ISA_USAGE = YES_ERROR;
				CLANG_WARN_DOCUMENTATION_COMMENTS = YES;
				CLANG_WARN_EMPTY_BODY = YES;
				CLANG_WARN_ENUM_CONVERSION = YES;
				CLANG_WARN_INFINITE_RECURSION = YES;
				CLANG_WARN_INT_CONVERSION = YES;
				CLANG_WARN_NON_LITERAL_NULL_CONVERSION = YES;
				CLANG_WARN_OBJC_IMPLICIT_RETAIN_SELF = YES;
				CLANG_WARN_OBJC_LITERAL_CONVERSION = YES;
				CLANG_WARN_OBJC_ROOT_CLASS = YES_ERROR;
				CLANG_WARN_QUOTED_INCLUDE_IN_FRAMEWORK_HEADER = YES;
				CLANG_WARN_RANGE_LOOP_ANALYSIS = YES;
				CLANG_WARN_STRICT_PROTOTYPES = YES;
				CLANG_WARN_SUSPICIOUS_MOVE = YES;
				CLANG_WARN_UNGUARDED_AVAILABILITY = YES_AGGRESSIVE;
				CLANG_WARN_UNREACHABLE_CODE = YES;
				CLANG_WARN__DUPLICATE_METHOD_MATCH = YES;
				COPY_PHASE_STRIP = NO;
				DEBUG_INFORMATION_FORMAT = "dwarf-with-dsym";
				ENABLE_NS_ASSERTIONS = NO;
				ENABLE_STRICT_OBJC_MSGSEND = YES;
				GCC_C_LANGUAGE_STANDARD = gnu11;
				GCC_NO_COMMON_BLOCKS = YES;
				GCC_WARN_64_TO_32_BIT_CONVERSION = YES;
				GCC_WARN_ABOUT_RETURN_TYPE = YES_ERROR;
				GCC_WARN_UNDECLARED_SELECTOR = YES;
				GCC_WARN_UNINITIALIZED_AUTOS = YES_AGGRESSIVE;
				GCC_WARN_UNUSED_FUNCTION = YES;
				GCC_WARN_UNUSED_VARIABLE = YES;
				IPHONEOS_DEPLOYMENT_TARGET = 15.2;
				MTL_ENABLE_DEBUG_INFO = NO;
				MTL_FAST_MATH = YES;
				SDKROOT = iphoneos;
				SWIFT_COMPILATION_MODE = wholemodule;
				SWIFT_OPTIMIZATION_LEVEL = "-O";
				VALIDATE_PRODUCT = YES;
			};
			name = Release;
		};
		BBEB2E8627B55C6700F26A2C /* Debug */ = {
			isa = XCBuildConfiguration;
			buildSettings = {
				ASSETCATALOG_COMPILER_APPICON_NAME = AppIcon;
				ASSETCATALOG_COMPILER_GLOBAL_ACCENT_COLOR_NAME = AccentColor;
				CODE_SIGN_STYLE = Automatic;
				CURRENT_PROJECT_VERSION = 1;
				DEVELOPMENT_ASSET_PATHS = "\"MemberdWeather/Preview Content\"";
				DEVELOPMENT_TEAM = Y3F5JHY7V5;
				ENABLE_PREVIEWS = YES;
				GENERATE_INFOPLIST_FILE = YES;
				INFOPLIST_KEY_UIApplicationSceneManifest_Generation = YES;
				INFOPLIST_KEY_UIApplicationSupportsIndirectInputEvents = YES;
				INFOPLIST_KEY_UILaunchScreen_Generation = YES;
				INFOPLIST_KEY_UISupportedInterfaceOrientations_iPad = "UIInterfaceOrientationPortrait UIInterfaceOrientationPortraitUpsideDown UIInterfaceOrientationLandscapeLeft UIInterfaceOrientationLandscapeRight";
				INFOPLIST_KEY_UISupportedInterfaceOrientations_iPhone = "UIInterfaceOrientationPortrait UIInterfaceOrientationLandscapeLeft UIInterfaceOrientationLandscapeRight";
				LD_RUNPATH_SEARCH_PATHS = (
					"$(inherited)",
					"@executable_path/Frameworks",
				);
				MARKETING_VERSION = 1.0;
				PRODUCT_BUNDLE_IDENTIFIER = com.chrristophereadie.MemberdWeather;
				PRODUCT_NAME = "$(TARGET_NAME)";
				SWIFT_EMIT_LOC_STRINGS = YES;
				SWIFT_VERSION = 5.0;
				TARGETED_DEVICE_FAMILY = "1,2";
			};
			name = Debug;
		};
		BBEB2E8727B55C6700F26A2C /* Release */ = {
			isa = XCBuildConfiguration;
			buildSettings = {
				ASSETCATALOG_COMPILER_APPICON_NAME = AppIcon;
				ASSETCATALOG_COMPILER_GLOBAL_ACCENT_COLOR_NAME = AccentColor;
				CODE_SIGN_STYLE = Automatic;
				CURRENT_PROJECT_VERSION = 1;
				DEVELOPMENT_ASSET_PATHS = "\"MemberdWeather/Preview Content\"";
				DEVELOPMENT_TEAM = Y3F5JHY7V5;
				ENABLE_PREVIEWS = YES;
				GENERATE_INFOPLIST_FILE = YES;
				INFOPLIST_KEY_UIApplicationSceneManifest_Generation = YES;
				INFOPLIST_KEY_UIApplicationSupportsIndirectInputEvents = YES;
				INFOPLIST_KEY_UILaunchScreen_Generation = YES;
				INFOPLIST_KEY_UISupportedInterfaceOrientations_iPad = "UIInterfaceOrientationPortrait UIInterfaceOrientationPortraitUpsideDown UIInterfaceOrientationLandscapeLeft UIInterfaceOrientationLandscapeRight";
				INFOPLIST_KEY_UISupportedInterfaceOrientations_iPhone = "UIInterfaceOrientationPortrait UIInterfaceOrientationLandscapeLeft UIInterfaceOrientationLandscapeRight";
				LD_RUNPATH_SEARCH_PATHS = (
					"$(inherited)",
					"@executable_path/Frameworks",
				);
				MARKETING_VERSION = 1.0;
				PRODUCT_BUNDLE_IDENTIFIER = com.chrristophereadie.MemberdWeather;
				PRODUCT_NAME = "$(TARGET_NAME)";
				SWIFT_EMIT_LOC_STRINGS = YES;
				SWIFT_VERSION = 5.0;
				TARGETED_DEVICE_FAMILY = "1,2";
			};
			name = Release;
		};
/* End XCBuildConfiguration section */

/* Begin XCConfigurationList section */
		BBEB2E7227B55C6600F26A2C /* Build configuration list for PBXProject "MemberdWeather" */ = {
			isa = XCConfigurationList;
			buildConfigurations = (
				BBEB2E8327B55C6700F26A2C /* Debug */,
				BBEB2E8427B55C6700F26A2C /* Release */,
			);
			defaultConfigurationIsVisible = 0;
			defaultConfigurationName = Release;
		};
		BBEB2E8527B55C6700F26A2C /* Build configuration list for PBXNativeTarget "MemberdWeather" */ = {
			isa = XCConfigurationList;
			buildConfigurations = (
				BBEB2E8627B55C6700F26A2C /* Debug */,
				BBEB2E8727B55C6700F26A2C /* Release */,
			);
			defaultConfigurationIsVisible = 0;
			defaultConfigurationName = Release;
		};
/* End XCConfigurationList section */
	};
	rootObject = BBEB2E6F27B55C6600F26A2C /* Project object */;
}
